// !$*UTF8*$!
{
	archiveVersion = 1;
	classes = {
	};
	objectVersion = 55;
	objects = {

/* Begin PBXBuildFile section */
		9E69E9B428BBC601005F6493 /* AppDelegate.swift in Sources */ = {isa = PBXBuildFile; fileRef = 9E69E9B328BBC601005F6493 /* AppDelegate.swift */; };
		9E69E9B628BBC601005F6493 /* SceneDelegate.swift in Sources */ = {isa = PBXBuildFile; fileRef = 9E69E9B528BBC601005F6493 /* SceneDelegate.swift */; };
		9E69E9B828BBC601005F6493 /* ViewController.swift in Sources */ = {isa = PBXBuildFile; fileRef = 9E69E9B728BBC601005F6493 /* ViewController.swift */; };
		9E69E9BB28BBC601005F6493 /* Main.storyboard in Resources */ = {isa = PBXBuildFile; fileRef = 9E69E9B928BBC601005F6493 /* Main.storyboard */; };
		9E69E9BD28BBC602005F6493 /* Assets.xcassets in Resources */ = {isa = PBXBuildFile; fileRef = 9E69E9BC28BBC602005F6493 /* Assets.xcassets */; };
		9E69E9C028BBC602005F6493 /* LaunchScreen.storyboard in Resources */ = {isa = PBXBuildFile; fileRef = 9E69E9BE28BBC602005F6493 /* LaunchScreen.storyboard */; };
		9E69E9CF28BBCA95005F6493 /* ProfileCell.swift in Sources */ = {isa = PBXBuildFile; fileRef = 9E69E9CE28BBCA95005F6493 /* ProfileCell.swift */; };
		9E69E9D128BBCB41005F6493 /* Users.swift in Sources */ = {isa = PBXBuildFile; fileRef = 9E69E9D028BBCB41005F6493 /* Users.swift */; };
		9EB229BA28BBF18100E92119 /* StoryViewController.swift in Sources */ = {isa = PBXBuildFile; fileRef = 9EB229B928BBF18100E92119 /* StoryViewController.swift */; };
		9EB229BC28BBF41100E92119 /* StoryCell.swift in Sources */ = {isa = PBXBuildFile; fileRef = 9EB229BB28BBF41100E92119 /* StoryCell.swift */; };
/* End PBXBuildFile section */

/* Begin PBXFileReference section */
		9E69E9B028BBC601005F6493 /* Instagram.app */ = {isa = PBXFileReference; explicitFileType = wrapper.application; includeInIndex = 0; path = Instagram.app; sourceTree = BUILT_PRODUCTS_DIR; };
		9E69E9B328BBC601005F6493 /* AppDelegate.swift */ = {isa = PBXFileReference; lastKnownFileType = sourcecode.swift; path = AppDelegate.swift; sourceTree = "<group>"; };
		9E69E9B528BBC601005F6493 /* SceneDelegate.swift */ = {isa = PBXFileReference; lastKnownFileType = sourcecode.swift; path = SceneDelegate.swift; sourceTree = "<group>"; };
		9E69E9B728BBC601005F6493 /* ViewController.swift */ = {isa = PBXFileReference; lastKnownFileType = sourcecode.swift; path = ViewController.swift; sourceTree = "<group>"; };
		9E69E9BA28BBC601005F6493 /* Base */ = {isa = PBXFileReference; lastKnownFileType = file.storyboard; name = Base; path = Base.lproj/Main.storyboard; sourceTree = "<group>"; };
		9E69E9BC28BBC602005F6493 /* Assets.xcassets */ = {isa = PBXFileReference; lastKnownFileType = folder.assetcatalog; path = Assets.xcassets; sourceTree = "<group>"; };
		9E69E9BF28BBC602005F6493 /* Base */ = {isa = PBXFileReference; lastKnownFileType = file.storyboard; name = Base; path = Base.lproj/LaunchScreen.storyboard; sourceTree = "<group>"; };
		9E69E9C128BBC602005F6493 /* Info.plist */ = {isa = PBXFileReference; lastKnownFileType = text.plist.xml; path = Info.plist; sourceTree = "<group>"; };
		9E69E9CE28BBCA95005F6493 /* ProfileCell.swift */ = {isa = PBXFileReference; lastKnownFileType = sourcecode.swift; path = ProfileCell.swift; sourceTree = "<group>"; };
		9E69E9D028BBCB41005F6493 /* Users.swift */ = {isa = PBXFileReference; lastKnownFileType = sourcecode.swift; path = Users.swift; sourceTree = "<group>"; };
		9EB229B928BBF18100E92119 /* StoryViewController.swift */ = {isa = PBXFileReference; lastKnownFileType = sourcecode.swift; path = StoryViewController.swift; sourceTree = "<group>"; };
		9EB229BB28BBF41100E92119 /* StoryCell.swift */ = {isa = PBXFileReference; lastKnownFileType = sourcecode.swift; path = StoryCell.swift; sourceTree = "<group>"; };
/* End PBXFileReference section */

/* Begin PBXFrameworksBuildPhase section */
		9E69E9AD28BBC601005F6493 /* Frameworks */ = {
			isa = PBXFrameworksBuildPhase;
			buildActionMask = 2147483647;
			files = (
			);
			runOnlyForDeploymentPostprocessing = 0;
		};
/* End PBXFrameworksBuildPhase section */

/* Begin PBXGroup section */
		9E69E9A728BBC601005F6493 = {
			isa = PBXGroup;
			children = (
				9E69E9B228BBC601005F6493 /* Instagram */,
				9E69E9B128BBC601005F6493 /* Products */,
			);
			sourceTree = "<group>";
		};
		9E69E9B128BBC601005F6493 /* Products */ = {
			isa = PBXGroup;
			children = (
				9E69E9B028BBC601005F6493 /* Instagram.app */,
			);
			name = Products;
			sourceTree = "<group>";
		};
		9E69E9B228BBC601005F6493 /* Instagram */ = {
			isa = PBXGroup;
			children = (
				9E69E9CC28BBC7C2005F6493 /* Core */,
				9E69E9CA28BBC71D005F6493 /* Resources */,
				9E69E9C928BBC6F8005F6493 /* Controller */,
				9E69E9C828BBC6EA005F6493 /* View */,
				9E69E9C728BBC6D4005F6493 /* Model */,
			);
			path = Instagram;
			sourceTree = "<group>";
		};
		9E69E9C728BBC6D4005F6493 /* Model */ = {
			isa = PBXGroup;
			children = (
				9E69E9D028BBCB41005F6493 /* Users.swift */,
			);
			path = Model;
			sourceTree = "<group>";
		};
		9E69E9C828BBC6EA005F6493 /* View */ = {
			isa = PBXGroup;
			children = (
				9E69E9CD28BBC90D005F6493 /* Cells */,
				9E69E9CB28BBC72E005F6493 /* Storyboards */,
			);
			path = View;
			sourceTree = "<group>";
		};
		9E69E9C928BBC6F8005F6493 /* Controller */ = {
			isa = PBXGroup;
			children = (
				9E69E9B728BBC601005F6493 /* ViewController.swift */,
				9EB229B928BBF18100E92119 /* StoryViewController.swift */,
			);
			path = Controller;
			sourceTree = "<group>";
		};
		9E69E9CA28BBC71D005F6493 /* Resources */ = {
			isa = PBXGroup;
			children = (
				9E69E9BC28BBC602005F6493 /* Assets.xcassets */,
				9E69E9C128BBC602005F6493 /* Info.plist */,
			);
			path = Resources;
			sourceTree = "<group>";
		};
		9E69E9CB28BBC72E005F6493 /* Storyboards */ = {
			isa = PBXGroup;
			children = (
				9E69E9BE28BBC602005F6493 /* LaunchScreen.storyboard */,
				9E69E9B928BBC601005F6493 /* Main.storyboard */,
			);
			path = Storyboards;
			sourceTree = "<group>";
		};
		9E69E9CC28BBC7C2005F6493 /* Core */ = {
			isa = PBXGroup;
			children = (
				9E69E9B528BBC601005F6493 /* SceneDelegate.swift */,
				9E69E9B328BBC601005F6493 /* AppDelegate.swift */,
			);
			path = Core;
			sourceTree = "<group>";
		};
		9E69E9CD28BBC90D005F6493 /* Cells */ = {
			isa = PBXGroup;
			children = (
				9E69E9CE28BBCA95005F6493 /* ProfileCell.swift */,
				9EB229BB28BBF41100E92119 /* StoryCell.swift */,
			);
			path = Cells;
			sourceTree = "<group>";
		};
/* End PBXGroup section */

/* Begin PBXNativeTarget section */
		9E69E9AF28BBC601005F6493 /* Instagram */ = {
			isa = PBXNativeTarget;
			buildConfigurationList = 9E69E9C428BBC602005F6493 /* Build configuration list for PBXNativeTarget "Instagram" */;
			buildPhases = (
				9E69E9AC28BBC601005F6493 /* Sources */,
				9E69E9AD28BBC601005F6493 /* Frameworks */,
				9E69E9AE28BBC601005F6493 /* Resources */,
			);
			buildRules = (
			);
			dependencies = (
			);
			name = Instagram;
			productName = Instagram;
			productReference = 9E69E9B028BBC601005F6493 /* Instagram.app */;
			productType = "com.apple.product-type.application";
		};
/* End PBXNativeTarget section */

/* Begin PBXProject section */
		9E69E9A828BBC601005F6493 /* Project object */ = {
			isa = PBXProject;
			attributes = {
				BuildIndependentTargetsInParallel = 1;
				LastSwiftUpdateCheck = 1340;
				LastUpgradeCheck = 1340;
				TargetAttributes = {
					9E69E9AF28BBC601005F6493 = {
						CreatedOnToolsVersion = 13.4.1;
					};
				};
			};
			buildConfigurationList = 9E69E9AB28BBC601005F6493 /* Build configuration list for PBXProject "Instagram" */;
			compatibilityVersion = "Xcode 13.0";
			developmentRegion = en;
			hasScannedForEncodings = 0;
			knownRegions = (
				en,
				Base,
			);
			mainGroup = 9E69E9A728BBC601005F6493;
			productRefGroup = 9E69E9B128BBC601005F6493 /* Products */;
			projectDirPath = "";
			projectRoot = "";
			targets = (
				9E69E9AF28BBC601005F6493 /* Instagram */,
			);
		};
/* End PBXProject section */

/* Begin PBXResourcesBuildPhase section */
		9E69E9AE28BBC601005F6493 /* Resources */ = {
			isa = PBXResourcesBuildPhase;
			buildActionMask = 2147483647;
			files = (
				9E69E9C028BBC602005F6493 /* LaunchScreen.storyboard in Resources */,
				9E69E9BD28BBC602005F6493 /* Assets.xcassets in Resources */,
				9E69E9BB28BBC601005F6493 /* Main.storyboard in Resources */,
			);
			runOnlyForDeploymentPostprocessing = 0;
		};
/* End PBXResourcesBuildPhase section */

/* Begin PBXSourcesBuildPhase section */
		9E69E9AC28BBC601005F6493 /* Sources */ = {
			isa = PBXSourcesBuildPhase;
			buildActionMask = 2147483647;
			files = (
				9EB229BA28BBF18100E92119 /* StoryViewController.swift in Sources */,
				9E69E9B828BBC601005F6493 /* ViewController.swift in Sources */,
				9E69E9CF28BBCA95005F6493 /* ProfileCell.swift in Sources */,
				9EB229BC28BBF41100E92119 /* StoryCell.swift in Sources */,
				9E69E9D128BBCB41005F6493 /* Users.swift in Sources */,
				9E69E9B428BBC601005F6493 /* AppDelegate.swift in Sources */,
				9E69E9B628BBC601005F6493 /* SceneDelegate.swift in Sources */,
			);
			runOnlyForDeploymentPostprocessing = 0;
		};
/* End PBXSourcesBuildPhase section */

/* Begin PBXVariantGroup section */
		9E69E9B928BBC601005F6493 /* Main.storyboard */ = {
			isa = PBXVariantGroup;
			children = (
				9E69E9BA28BBC601005F6493 /* Base */,
			);
			name = Main.storyboard;
			sourceTree = "<group>";
		};
		9E69E9BE28BBC602005F6493 /* LaunchScreen.storyboard */ = {
			isa = PBXVariantGroup;
			children = (
				9E69E9BF28BBC602005F6493 /* Base */,
			);
			name = LaunchScreen.storyboard;
			sourceTree = "<group>";
		};
/* End PBXVariantGroup section */

/* Begin XCBuildConfiguration section */
		9E69E9C228BBC602005F6493 /* Debug */ = {
			isa = XCBuildConfiguration;
			buildSettings = {
				ALWAYS_SEARCH_USER_PATHS = NO;
				CLANG_ANALYZER_NONNULL = YES;
				CLANG_ANALYZER_NUMBER_OBJECT_CONVERSION = YES_AGGRESSIVE;
				CLANG_CXX_LANGUAGE_STANDARD = "gnu++17";
				CLANG_ENABLE_MODULES = YES;
				CLANG_ENABLE_OBJC_ARC = YES;
				CLANG_ENABLE_OBJC_WEAK = YES;
				CLANG_WARN_BLOCK_CAPTURE_AUTORELEASING = YES;
				CLANG_WARN_BOOL_CONVERSION = YES;
				CLANG_WARN_COMMA = YES;
				CLANG_WARN_CONSTANT_CONVERSION = YES;
				CLANG_WARN_DEPRECATED_OBJC_IMPLEMENTATIONS = YES;
				CLANG_WARN_DIRECT_OBJC_ISA_USAGE = YES_ERROR;
				CLANG_WARN_DOCUMENTATION_COMMENTS = YES;
				CLANG_WARN_EMPTY_BODY = YES;
				CLANG_WARN_ENUM_CONVERSION = YES;
				CLANG_WARN_INFINITE_RECURSION = YES;
				CLANG_WARN_INT_CONVERSION = YES;
				CLANG_WARN_NON_LITERAL_NULL_CONVERSION = YES;
				CLANG_WARN_OBJC_IMPLICIT_RETAIN_SELF = YES;
				CLANG_WARN_OBJC_LITERAL_CONVERSION = YES;
				CLANG_WARN_OBJC_ROOT_CLASS = YES_ERROR;
				CLANG_WARN_QUOTED_INCLUDE_IN_FRAMEWORK_HEADER = YES;
				CLANG_WARN_RANGE_LOOP_ANALYSIS = YES;
				CLANG_WARN_STRICT_PROTOTYPES = YES;
				CLANG_WARN_SUSPICIOUS_MOVE = YES;
				CLANG_WARN_UNGUARDED_AVAILABILITY = YES_AGGRESSIVE;
				CLANG_WARN_UNREACHABLE_CODE = YES;
				CLANG_WARN__DUPLICATE_METHOD_MATCH = YES;
				COPY_PHASE_STRIP = NO;
				DEBUG_INFORMATION_FORMAT = dwarf;
				ENABLE_STRICT_OBJC_MSGSEND = YES;
				ENABLE_TESTABILITY = YES;
				GCC_C_LANGUAGE_STANDARD = gnu11;
				GCC_DYNAMIC_NO_PIC = NO;
				GCC_NO_COMMON_BLOCKS = YES;
				GCC_OPTIMIZATION_LEVEL = 0;
				GCC_PREPROCESSOR_DEFINITIONS = (
					"DEBUG=1",
					"$(inherited)",
				);
				GCC_WARN_64_TO_32_BIT_CONVERSION = YES;
				GCC_WARN_ABOUT_RETURN_TYPE = YES_ERROR;
				GCC_WARN_UNDECLARED_SELECTOR = YES;
				GCC_WARN_UNINITIALIZED_AUTOS = YES_AGGRESSIVE;
				GCC_WARN_UNUSED_FUNCTION = YES;
				GCC_WARN_UNUSED_VARIABLE = YES;
				IPHONEOS_DEPLOYMENT_TARGET = 15.5;
				MTL_ENABLE_DEBUG_INFO = INCLUDE_SOURCE;
				MTL_FAST_MATH = YES;
				ONLY_ACTIVE_ARCH = YES;
				SDKROOT = iphoneos;
				SWIFT_ACTIVE_COMPILATION_CONDITIONS = DEBUG;
				SWIFT_OPTIMIZATION_LEVEL = "-Onone";
			};
			name = Debug;
		};
		9E69E9C328BBC602005F6493 /* Release */ = {
			isa = XCBuildConfiguration;
			buildSettings = {
				ALWAYS_SEARCH_USER_PATHS = NO;
				CLANG_ANALYZER_NONNULL = YES;
				CLANG_ANALYZER_NUMBER_OBJECT_CONVERSION = YES_AGGRESSIVE;
				CLANG_CXX_LANGUAGE_STANDARD = "gnu++17";
				CLANG_ENABLE_MODULES = YES;
				CLANG_ENABLE_OBJC_ARC = YES;
				CLANG_ENABLE_OBJC_WEAK = YES;
				CLANG_WARN_BLOCK_CAPTURE_AUTORELEASING = YES;
				CLANG_WARN_BOOL_CONVERSION = YES;
				CLANG_WARN_COMMA = YES;
				CLANG_WARN_CONSTANT_CONVERSION = YES;
				CLANG_WARN_DEPRECATED_OBJC_IMPLEMENTATIONS = YES;
				CLANG_WARN_DIRECT_OBJC_ISA_USAGE = YES_ERROR;
				CLANG_WARN_DOCUMENTATION_COMMENTS = YES;
				CLANG_WARN_EMPTY_BODY = YES;
				CLANG_WARN_ENUM_CONVERSION = YES;
				CLANG_WARN_INFINITE_RECURSION = YES;
				CLANG_WARN_INT_CONVERSION = YES;
				CLANG_WARN_NON_LITERAL_NULL_CONVERSION = YES;
				CLANG_WARN_OBJC_IMPLICIT_RETAIN_SELF = YES;
				CLANG_WARN_OBJC_LITERAL_CONVERSION = YES;
				CLANG_WARN_OBJC_ROOT_CLASS = YES_ERROR;
				CLANG_WARN_QUOTED_INCLUDE_IN_FRAMEWORK_HEADER = YES;
				CLANG_WARN_RANGE_LOOP_ANALYSIS = YES;
				CLANG_WARN_STRICT_PROTOTYPES = YES;
				CLANG_WARN_SUSPICIOUS_MOVE = YES;
				CLANG_WARN_UNGUARDED_AVAILABILITY = YES_AGGRESSIVE;
				CLANG_WARN_UNREACHABLE_CODE = YES;
				CLANG_WARN__DUPLICATE_METHOD_MATCH = YES;
				COPY_PHASE_STRIP = NO;
				DEBUG_INFORMATION_FORMAT = "dwarf-with-dsym";
				ENABLE_NS_ASSERTIONS = NO;
				ENABLE_STRICT_OBJC_MSGSEND = YES;
				GCC_C_LANGUAGE_STANDARD = gnu11;
				GCC_NO_COMMON_BLOCKS = YES;
				GCC_WARN_64_TO_32_BIT_CONVERSION = YES;
				GCC_WARN_ABOUT_RETURN_TYPE = YES_ERROR;
				GCC_WARN_UNDECLARED_SELECTOR = YES;
				GCC_WARN_UNINITIALIZED_AUTOS = YES_AGGRESSIVE;
				GCC_WARN_UNUSED_FUNCTION = YES;
				GCC_WARN_UNUSED_VARIABLE = YES;
				IPHONEOS_DEPLOYMENT_TARGET = 15.5;
				MTL_ENABLE_DEBUG_INFO = NO;
				MTL_FAST_MATH = YES;
				SDKROOT = iphoneos;
				SWIFT_COMPILATION_MODE = wholemodule;
				SWIFT_OPTIMIZATION_LEVEL = "-O";
				VALIDATE_PRODUCT = YES;
			};
			name = Release;
		};
		9E69E9C528BBC602005F6493 /* Debug */ = {
			isa = XCBuildConfiguration;
			buildSettings = {
				ASSETCATALOG_COMPILER_APPICON_NAME = AppIcon;
				ASSETCATALOG_COMPILER_GLOBAL_ACCENT_COLOR_NAME = AccentColor;
				CODE_SIGN_STYLE = Automatic;
				CURRENT_PROJECT_VERSION = 1;
				DEVELOPMENT_TEAM = VS697RRHG6;
				GENERATE_INFOPLIST_FILE = YES;
				INFOPLIST_FILE = Instagram/Resources/Info.plist;
				INFOPLIST_KEY_UIApplicationSupportsIndirectInputEvents = YES;
				INFOPLIST_KEY_UILaunchStoryboardName = LaunchScreen;
				INFOPLIST_KEY_UIMainStoryboardFile = Main;
				INFOPLIST_KEY_UISupportedInterfaceOrientations_iPad = "UIInterfaceOrientationPortrait UIInterfaceOrientationPortraitUpsideDown UIInterfaceOrientationLandscapeLeft UIInterfaceOrientationLandscapeRight";
				INFOPLIST_KEY_UISupportedInterfaceOrientations_iPhone = "UIInterfaceOrientationPortrait UIInterfaceOrientationLandscapeLeft UIInterfaceOrientationLandscapeRight";
				LD_RUNPATH_SEARCH_PATHS = (
					"$(inherited)",
					"@executable_path/Frameworks",
				);
				MARKETING_VERSION = 1.0;
				PRODUCT_BUNDLE_IDENTIFIER = com.karan.Instagram;
				PRODUCT_NAME = "$(TARGET_NAME)";
				SWIFT_EMIT_LOC_STRINGS = YES;
				SWIFT_VERSION = 5.0;
				TARGETED_DEVICE_FAMILY = "1,2";
			};
			name = Debug;
		};
		9E69E9C628BBC602005F6493 /* Release */ = {
			isa = XCBuildConfiguration;
			buildSettings = {
				ASSETCATALOG_COMPILER_APPICON_NAME = AppIcon;
				ASSETCATALOG_COMPILER_GLOBAL_ACCENT_COLOR_NAME = AccentColor;
				CODE_SIGN_STYLE = Automatic;
				CURRENT_PROJECT_VERSION = 1;
				DEVELOPMENT_TEAM = VS697RRHG6;
				GENERATE_INFOPLIST_FILE = YES;
				INFOPLIST_FILE = Instagram/Resources/Info.plist;
				INFOPLIST_KEY_UIApplicationSupportsIndirectInputEvents = YES;
				INFOPLIST_KEY_UILaunchStoryboardName = LaunchScreen;
				INFOPLIST_KEY_UIMainStoryboardFile = Main;
				INFOPLIST_KEY_UISupportedInterfaceOrientations_iPad = "UIInterfaceOrientationPortrait UIInterfaceOrientationPortraitUpsideDown UIInterfaceOrientationLandscapeLeft UIInterfaceOrientationLandscapeRight";
				INFOPLIST_KEY_UISupportedInterfaceOrientations_iPhone = "UIInterfaceOrientationPortrait UIInterfaceOrientationLandscapeLeft UIInterfaceOrientationLandscapeRight";
				LD_RUNPATH_SEARCH_PATHS = (
					"$(inherited)",
					"@executable_path/Frameworks",
				);
				MARKETING_VERSION = 1.0;
				PRODUCT_BUNDLE_IDENTIFIER = com.karan.Instagram;
				PRODUCT_NAME = "$(TARGET_NAME)";
				SWIFT_EMIT_LOC_STRINGS = YES;
				SWIFT_VERSION = 5.0;
				TARGETED_DEVICE_FAMILY = "1,2";
			};
			name = Release;
		};
/* End XCBuildConfiguration section */

/* Begin XCConfigurationList section */
		9E69E9AB28BBC601005F6493 /* Build configuration list for PBXProject "Instagram" */ = {
			isa = XCConfigurationList;
			buildConfigurations = (
				9E69E9C228BBC602005F6493 /* Debug */,
				9E69E9C328BBC602005F6493 /* Release */,
			);
			defaultConfigurationIsVisible = 0;
			defaultConfigurationName = Release;
		};
		9E69E9C428BBC602005F6493 /* Build configuration list for PBXNativeTarget "Instagram" */ = {
			isa = XCConfigurationList;
			buildConfigurations = (
				9E69E9C528BBC602005F6493 /* Debug */,
				9E69E9C628BBC602005F6493 /* Release */,
			);
			defaultConfigurationIsVisible = 0;
			defaultConfigurationName = Release;
		};
/* End XCConfigurationList section */
	};
	rootObject = 9E69E9A828BBC601005F6493 /* Project object */;
}
